
Microsoft Visual Studio Solution File, Format Version 12.00
# Visual Studio 15
VisualStudioVersion = 15.0.27703.1
MinimumVisualStudioVersion = 10.0.40219.1
Project("{FAE04EC0-301F-11D3-BF4B-00C04F79EFBC}") = "ASPNET_MVC_EF_EXAMPLE", "ASPNET_MVC_EF_EXAMPLE\ASPNET_MVC_EF_EXAMPLE.csproj", "{A269DD7F-30B6-437C-B362-9110D38CE084}"
EndProject
Global
	GlobalSection(SolutionConfigurationPlatforms) = preSolution
		Debug|Any CPU = Debug|Any CPU
		Release|Any CPU = Release|Any CPU
	EndGlobalSection
	GlobalSection(ProjectConfigurationPlatforms) = postSolution
		{A269DD7F-30B6-437C-B362-9110D38CE084}.Debug|Any CPU.ActiveCfg = Debug|Any CPU
		{A269DD7F-30B6-437C-B362-9110D38CE084}.Debug|Any CPU.Build.0 = Debug|Any CPU
		{A269DD7F-30B6-437C-B362-9110D38CE084}.Release|Any CPU.ActiveCfg = Release|Any CPU
		{A269DD7F-30B6-437C-B362-9110D38CE084}.Release|Any CPU.Build.0 = Release|Any CPU
	EndGlobalSection
	GlobalSection(SolutionProperties) = preSolution
		HideSolutionNode = FALSE
	EndGlobalSection
	GlobalSection(ExtensibilityGlobals) = postSolution
		SolutionGuid = {77B24C0E-0C46-45BD-8E79-DA1115ABB0CC}
	EndGlobalSection
EndGlobal
